
Microsoft Visual Studio Solution File, Format Version 12.00
# Visual Studio Version 17
VisualStudioVersion = 17.1.32210.238
MinimumVisualStudioVersion = 10.0.40219.1
Project("{FAE04EC0-301F-11D3-BF4B-00C04F79EFBC}") = "Task_2", "Task_2.csproj", "{F6248B9E-7946-46AA-891F-6A79FB6E36E3}"
EndProject
Global
	GlobalSection(SolutionConfigurationPlatforms) = preSolution
		Debug|Any CPU = Debug|Any CPU
		Release|Any CPU = Release|Any CPU
	EndGlobalSection
	GlobalSection(ProjectConfigurationPlatforms) = postSolution
		{F6248B9E-7946-46AA-891F-6A79FB6E36E3}.Debug|Any CPU.ActiveCfg = Debug|Any CPU
		{F6248B9E-7946-46AA-891F-6A79FB6E36E3}.Debug|Any CPU.Build.0 = Debug|Any CPU
		{F6248B9E-7946-46AA-891F-6A79FB6E36E3}.Release|Any CPU.ActiveCfg = Release|Any CPU
		{F6248B9E-7946-46AA-891F-6A79FB6E36E3}.Release|Any CPU.Build.0 = Release|Any CPU
	EndGlobalSection
	GlobalSection(SolutionProperties) = preSolution
		HideSolutionNode = FALSE
	EndGlobalSection
	GlobalSection(ExtensibilityGlobals) = postSolution
		SolutionGuid = {FBCBFDF1-6984-4E9D-AFD2-763D190A8BD7}
	EndGlobalSection
EndGlobal
